
Microsoft Visual Studio Solution File, Format Version 12.00
# Visual Studio Version 16
VisualStudioVersion = 16.0.29409.12
MinimumVisualStudioVersion = 10.0.40219.1
Project("{FAE04EC0-301F-11D3-BF4B-00C04F79EFBC}") = "CliParser", "CliParser\CliParser.csproj", "{73F6737F-FC09-4F2A-A962-B05E38F5A307}"
EndProject
Project("{FAE04EC0-301F-11D3-BF4B-00C04F79EFBC}") = "CliParser.UnitTests", "CliParser.UnitTests\CliParser.UnitTests.csproj", "{23E1AEFF-8940-489A-A603-245C8344A62D}"
EndProject
Global
	GlobalSection(SolutionConfigurationPlatforms) = preSolution
		Debug|Any CPU = Debug|Any CPU
		Release|Any CPU = Release|Any CPU
	EndGlobalSection
	GlobalSection(ProjectConfigurationPlatforms) = postSolution
		{73F6737F-FC09-4F2A-A962-B05E38F5A307}.Debug|Any CPU.ActiveCfg = Debug|Any CPU
		{73F6737F-FC09-4F2A-A962-B05E38F5A307}.Debug|Any CPU.Build.0 = Debug|Any CPU
		{73F6737F-FC09-4F2A-A962-B05E38F5A307}.Release|Any CPU.ActiveCfg = Release|Any CPU
		{73F6737F-FC09-4F2A-A962-B05E38F5A307}.Release|Any CPU.Build.0 = Release|Any CPU
		{23E1AEFF-8940-489A-A603-245C8344A62D}.Debug|Any CPU.ActiveCfg = Debug|Any CPU
		{23E1AEFF-8940-489A-A603-245C8344A62D}.Debug|Any CPU.Build.0 = Debug|Any CPU
		{23E1AEFF-8940-489A-A603-245C8344A62D}.Release|Any CPU.ActiveCfg = Release|Any CPU
		{23E1AEFF-8940-489A-A603-245C8344A62D}.Release|Any CPU.Build.0 = Release|Any CPU
	EndGlobalSection
	GlobalSection(SolutionProperties) = preSolution
		HideSolutionNode = FALSE
	EndGlobalSection
	GlobalSection(ExtensibilityGlobals) = postSolution
		SolutionGuid = {D5420E37-03BF-4B27-9B26-A91B470ABBB7}
	EndGlobalSection
EndGlobal
